
Microsoft Visual Studio Solution File, Format Version 12.00
# Visual Studio Version 16
VisualStudioVersion = 16.0.31402.337
MinimumVisualStudioVersion = 10.0.40219.1
Project("{FAE04EC0-301F-11D3-BF4B-00C04F79EFBC}") = "MyDictionary", "MyDictionary\MyDictionary.csproj", "{46A0F50C-D943-4D5B-BCCF-542E4C3A9A37}"
EndProject
Global
	GlobalSection(SolutionConfigurationPlatforms) = preSolution
		Debug|Any CPU = Debug|Any CPU
		Release|Any CPU = Release|Any CPU
	EndGlobalSection
	GlobalSection(ProjectConfigurationPlatforms) = postSolution
		{46A0F50C-D943-4D5B-BCCF-542E4C3A9A37}.Debug|Any CPU.ActiveCfg = Debug|Any CPU
		{46A0F50C-D943-4D5B-BCCF-542E4C3A9A37}.Debug|Any CPU.Build.0 = Debug|Any CPU
		{46A0F50C-D943-4D5B-BCCF-542E4C3A9A37}.Release|Any CPU.ActiveCfg = Release|Any CPU
		{46A0F50C-D943-4D5B-BCCF-542E4C3A9A37}.Release|Any CPU.Build.0 = Release|Any CPU
	EndGlobalSection
	GlobalSection(SolutionProperties) = preSolution
		HideSolutionNode = FALSE
	EndGlobalSection
	GlobalSection(ExtensibilityGlobals) = postSolution
		SolutionGuid = {14B265AF-DCE7-48FC-87A3-46A744684B39}
	EndGlobalSection
EndGlobal
